<Solution>
  <Folder Name="/src/">
    <Project Path="src/HackerNews.Api/HackerNews.Api.csproj" />
    <Project Path="src/HackerNews.Domain/HackerNews.Domain.csproj" />
    <Project Path="src/HackerNews.Infrastructure/HackerNews.Infrastructure.csproj" />
  </Folder>
  <Folder Name="/tests/">
    <Project Path="tests/HackerNews.Api.IntegrationTests/HackerNews.Api.IntegrationTests.csproj" />
    <Project Path="tests/HackerNews.Api.UnitTests/HackerNews.Api.UnitTests.csproj" />
  </Folder>
</Solution>
